
Microsoft Visual Studio Solution File, Format Version 12.00
# Visual Studio Version 16
VisualStudioVersion = 25.0.1706.8
MinimumVisualStudioVersion = 10.0.40219.1
Project("{FAE04EC0-301F-11D3-BF4B-00C04F79EFBC}") = "CarReviewApp", "CarReviewApp\CarReviewApp.csproj", "{DF2D647B-0A03-4C55-AB93-D04DB27A88EF}"
EndProject
Global
	GlobalSection(SolutionConfigurationPlatforms) = preSolution
		Debug|Any CPU = Debug|Any CPU
		Release|Any CPU = Release|Any CPU
	EndGlobalSection
	GlobalSection(ProjectConfigurationPlatforms) = postSolution
		{DF2D647B-0A03-4C55-AB93-D04DB27A88EF}.Debug|Any CPU.ActiveCfg = Debug|Any CPU
		{DF2D647B-0A03-4C55-AB93-D04DB27A88EF}.Debug|Any CPU.Build.0 = Debug|Any CPU
		{DF2D647B-0A03-4C55-AB93-D04DB27A88EF}.Release|Any CPU.ActiveCfg = Release|Any CPU
		{DF2D647B-0A03-4C55-AB93-D04DB27A88EF}.Release|Any CPU.Build.0 = Release|Any CPU
	EndGlobalSection
	GlobalSection(SolutionProperties) = preSolution
		HideSolutionNode = FALSE
	EndGlobalSection
	GlobalSection(ExtensibilityGlobals) = postSolution
		SolutionGuid = {958BF1A8-D5C6-44F1-92FC-EFE1EA80CF53}
	EndGlobalSection
EndGlobal
